
Microsoft Visual Studio Solution File, Format Version 12.00
# Visual Studio 15
VisualStudioVersion = 15.0.27130.2024
MinimumVisualStudioVersion = 10.0.40219.1
Project("{FAE04EC0-301F-11D3-BF4B-00C04F79EFBC}") = "LS.Library.Extensions", "LS.Library.Extensions\LS.Library.Extensions.csproj", "{F75A097F-BBE2-4FCE-A96F-BA94CEBB1082}"
EndProject
Global
	GlobalSection(SolutionConfigurationPlatforms) = preSolution
		Debug|Any CPU = Debug|Any CPU
		Release|Any CPU = Release|Any CPU
	EndGlobalSection
	GlobalSection(ProjectConfigurationPlatforms) = postSolution
		{F75A097F-BBE2-4FCE-A96F-BA94CEBB1082}.Debug|Any CPU.ActiveCfg = Debug|Any CPU
		{F75A097F-BBE2-4FCE-A96F-BA94CEBB1082}.Debug|Any CPU.Build.0 = Debug|Any CPU
		{F75A097F-BBE2-4FCE-A96F-BA94CEBB1082}.Release|Any CPU.ActiveCfg = Release|Any CPU
		{F75A097F-BBE2-4FCE-A96F-BA94CEBB1082}.Release|Any CPU.Build.0 = Release|Any CPU
	EndGlobalSection
	GlobalSection(SolutionProperties) = preSolution
		HideSolutionNode = FALSE
	EndGlobalSection
	GlobalSection(ExtensibilityGlobals) = postSolution
		SolutionGuid = {166BE5FF-6239-44C7-9010-FF1B7239A0F3}
	EndGlobalSection
EndGlobal
